
Microsoft Visual Studio Solution File, Format Version 12.00
# Visual Studio 15
VisualStudioVersion = 15.0.27703.2026
MinimumVisualStudioVersion = 10.0.40219.1
Project("{9A19103F-16F7-4668-BE54-9A1E7A4F7556}") = "AspNetCore.VueJs", "AspNetCore.VueJs\AspNetCore.VueJs.csproj", "{CFF4B92C-D5E8-4C15-ACE9-D9D0F142420D}"
EndProject
Global
	GlobalSection(SolutionConfigurationPlatforms) = preSolution
		Debug|Any CPU = Debug|Any CPU
		Release|Any CPU = Release|Any CPU
	EndGlobalSection
	GlobalSection(ProjectConfigurationPlatforms) = postSolution
		{CFF4B92C-D5E8-4C15-ACE9-D9D0F142420D}.Debug|Any CPU.ActiveCfg = Debug|Any CPU
		{CFF4B92C-D5E8-4C15-ACE9-D9D0F142420D}.Debug|Any CPU.Build.0 = Debug|Any CPU
		{CFF4B92C-D5E8-4C15-ACE9-D9D0F142420D}.Release|Any CPU.ActiveCfg = Release|Any CPU
		{CFF4B92C-D5E8-4C15-ACE9-D9D0F142420D}.Release|Any CPU.Build.0 = Release|Any CPU
	EndGlobalSection
	GlobalSection(SolutionProperties) = preSolution
		HideSolutionNode = FALSE
	EndGlobalSection
	GlobalSection(ExtensibilityGlobals) = postSolution
		SolutionGuid = {6306B7A3-976F-4CDF-A6D4-97953F747B85}
	EndGlobalSection
EndGlobal
